
Microsoft Visual Studio Solution File, Format Version 12.00
# Visual Studio Version 17
VisualStudioVersion = 17.8.34511.84
MinimumVisualStudioVersion = 10.0.40219.1
Project("{8BC9CEB8-8B4A-11D0-8D11-00A0C91BC942}") = "o15e1pla", "o15e1pla\o15e1pla.vcxproj", "{DBB2A528-676C-4B96-96EE-7C7CBBF08274}"
EndProject
Global
	GlobalSection(SolutionConfigurationPlatforms) = preSolution
		Debug|x64 = Debug|x64
		Debug|x86 = Debug|x86
		Release|x64 = Release|x64
		Release|x86 = Release|x86
	EndGlobalSection
	GlobalSection(ProjectConfigurationPlatforms) = postSolution
		{DBB2A528-676C-4B96-96EE-7C7CBBF08274}.Debug|x64.ActiveCfg = Debug|x64
		{DBB2A528-676C-4B96-96EE-7C7CBBF08274}.Debug|x64.Build.0 = Debug|x64
		{DBB2A528-676C-4B96-96EE-7C7CBBF08274}.Debug|x86.ActiveCfg = Debug|Win32
		{DBB2A528-676C-4B96-96EE-7C7CBBF08274}.Debug|x86.Build.0 = Debug|Win32
		{DBB2A528-676C-4B96-96EE-7C7CBBF08274}.Release|x64.ActiveCfg = Release|x64
		{DBB2A528-676C-4B96-96EE-7C7CBBF08274}.Release|x64.Build.0 = Release|x64
		{DBB2A528-676C-4B96-96EE-7C7CBBF08274}.Release|x86.ActiveCfg = Release|Win32
		{DBB2A528-676C-4B96-96EE-7C7CBBF08274}.Release|x86.Build.0 = Release|Win32
	EndGlobalSection
	GlobalSection(SolutionProperties) = preSolution
		HideSolutionNode = FALSE
	EndGlobalSection
	GlobalSection(ExtensibilityGlobals) = postSolution
		SolutionGuid = {CB71D21F-BF07-4CB2-A1D5-98A1A4ABB167}
	EndGlobalSection
EndGlobal
